
Microsoft Visual Studio Solution File, Format Version 12.00
# Visual Studio Version 17
VisualStudioVersion = 17.8.34309.116
MinimumVisualStudioVersion = 10.0.40219.1
Project("{FAE04EC0-301F-11D3-BF4B-00C04F79EFBC}") = "Kenya_Wear", "Kenya_Wear\Kenya_Wear.csproj", "{670553D4-A949-4161-9737-8A1132242C17}"
EndProject
Global
	GlobalSection(SolutionConfigurationPlatforms) = preSolution
		Debug|Any CPU = Debug|Any CPU
		Release|Any CPU = Release|Any CPU
	EndGlobalSection
	GlobalSection(ProjectConfigurationPlatforms) = postSolution
		{670553D4-A949-4161-9737-8A1132242C17}.Debug|Any CPU.ActiveCfg = Debug|Any CPU
		{670553D4-A949-4161-9737-8A1132242C17}.Debug|Any CPU.Build.0 = Debug|Any CPU
		{670553D4-A949-4161-9737-8A1132242C17}.Release|Any CPU.ActiveCfg = Release|Any CPU
		{670553D4-A949-4161-9737-8A1132242C17}.Release|Any CPU.Build.0 = Release|Any CPU
	EndGlobalSection
	GlobalSection(SolutionProperties) = preSolution
		HideSolutionNode = FALSE
	EndGlobalSection
	GlobalSection(ExtensibilityGlobals) = postSolution
		SolutionGuid = {5638F926-E188-40CA-B91E-B7ED007B0AFC}
	EndGlobalSection
EndGlobal
